
Microsoft Visual Studio Solution File, Format Version 12.00
# Visual Studio Version 16
VisualStudioVersion = 16.0.29306.81
MinimumVisualStudioVersion = 10.0.40219.1
Project("{9A19103F-16F7-4668-BE54-9A1E7A4F7556}") = "CallbackTest", "CallbackTest\CallbackTest.csproj", "{1650E86E-0544-4AD6-A9B4-C600EA7D4AF4}"
EndProject
Global
	GlobalSection(SolutionConfigurationPlatforms) = preSolution
		Debug|Any CPU = Debug|Any CPU
		Release|Any CPU = Release|Any CPU
	EndGlobalSection
	GlobalSection(ProjectConfigurationPlatforms) = postSolution
		{1650E86E-0544-4AD6-A9B4-C600EA7D4AF4}.Debug|Any CPU.ActiveCfg = Debug|Any CPU
		{1650E86E-0544-4AD6-A9B4-C600EA7D4AF4}.Debug|Any CPU.Build.0 = Debug|Any CPU
		{1650E86E-0544-4AD6-A9B4-C600EA7D4AF4}.Release|Any CPU.ActiveCfg = Release|Any CPU
		{1650E86E-0544-4AD6-A9B4-C600EA7D4AF4}.Release|Any CPU.Build.0 = Release|Any CPU
	EndGlobalSection
	GlobalSection(SolutionProperties) = preSolution
		HideSolutionNode = FALSE
	EndGlobalSection
	GlobalSection(ExtensibilityGlobals) = postSolution
		SolutionGuid = {147F3674-596A-4B56-A443-DD0E7A3B96B8}
	EndGlobalSection
EndGlobal
